// !$*UTF8*$!
{
	archiveVersion = 1;
	classes = {
	};
	objectVersion = 50;
	objects = {

/* Begin PBXBuildFile section */
		3FDE25E223140A8F005315B9 /* AppDelegate.swift in Sources */ = {isa = PBXBuildFile; fileRef = 3FDE25E123140A8F005315B9 /* AppDelegate.swift */; };
		3FDE25E423140A8F005315B9 /* ViewController.swift in Sources */ = {isa = PBXBuildFile; fileRef = 3FDE25E323140A8F005315B9 /* ViewController.swift */; };
		3FDE25E723140A8F005315B9 /* Main.storyboard in Resources */ = {isa = PBXBuildFile; fileRef = 3FDE25E523140A8F005315B9 /* Main.storyboard */; };
		3FDE25E923140A90005315B9 /* Assets.xcassets in Resources */ = {isa = PBXBuildFile; fileRef = 3FDE25E823140A90005315B9 /* Assets.xcassets */; };
		3FDE25EC23140A90005315B9 /* LaunchScreen.storyboard in Resources */ = {isa = PBXBuildFile; fileRef = 3FDE25EA23140A90005315B9 /* LaunchScreen.storyboard */; };
		3FDE25F723140A90005315B9 /* EasytrackingTests.swift in Sources */ = {isa = PBXBuildFile; fileRef = 3FDE25F623140A90005315B9 /* EasytrackingTests.swift */; };
		3FDE260223140A90005315B9 /* EasytrackingUITests.swift in Sources */ = {isa = PBXBuildFile; fileRef = 3FDE260123140A90005315B9 /* EasytrackingUITests.swift */; };
/* End PBXBuildFile section */

/* Begin PBXContainerItemProxy section */
		3FDE25F323140A90005315B9 /* PBXContainerItemProxy */ = {
			isa = PBXContainerItemProxy;
			containerPortal = 3FDE25D623140A8F005315B9 /* Project object */;
			proxyType = 1;
			remoteGlobalIDString = 3FDE25DD23140A8F005315B9;
			remoteInfo = Easytracking;
		};
		3FDE25FE23140A90005315B9 /* PBXContainerItemProxy */ = {
			isa = PBXContainerItemProxy;
			containerPortal = 3FDE25D623140A8F005315B9 /* Project object */;
			proxyType = 1;
			remoteGlobalIDString = 3FDE25DD23140A8F005315B9;
			remoteInfo = Easytracking;
		};
/* End PBXContainerItemProxy section */

/* Begin PBXFileReference section */
		3FDE25DE23140A8F005315B9 /* Easytracking.app */ = {isa = PBXFileReference; explicitFileType = wrapper.application; includeInIndex = 0; path = Easytracking.app; sourceTree = BUILT_PRODUCTS_DIR; };
		3FDE25E123140A8F005315B9 /* AppDelegate.swift */ = {isa = PBXFileReference; lastKnownFileType = sourcecode.swift; path = AppDelegate.swift; sourceTree = "<group>"; };
		3FDE25E323140A8F005315B9 /* ViewController.swift */ = {isa = PBXFileReference; lastKnownFileType = sourcecode.swift; path = ViewController.swift; sourceTree = "<group>"; };
		3FDE25E623140A8F005315B9 /* Base */ = {isa = PBXFileReference; lastKnownFileType = file.storyboard; name = Base; path = Base.lproj/Main.storyboard; sourceTree = "<group>"; };
		3FDE25E823140A90005315B9 /* Assets.xcassets */ = {isa = PBXFileReference; lastKnownFileType = folder.assetcatalog; path = Assets.xcassets; sourceTree = "<group>"; };
		3FDE25EB23140A90005315B9 /* Base */ = {isa = PBXFileReference; lastKnownFileType = file.storyboard; name = Base; path = Base.lproj/LaunchScreen.storyboard; sourceTree = "<group>"; };
		3FDE25ED23140A90005315B9 /* Info.plist */ = {isa = PBXFileReference; lastKnownFileType = text.plist.xml; path = Info.plist; sourceTree = "<group>"; };
		3FDE25F223140A90005315B9 /* EasytrackingTests.xctest */ = {isa = PBXFileReference; explicitFileType = wrapper.cfbundle; includeInIndex = 0; path = EasytrackingTests.xctest; sourceTree = BUILT_PRODUCTS_DIR; };
		3FDE25F623140A90005315B9 /* EasytrackingTests.swift */ = {isa = PBXFileReference; lastKnownFileType = sourcecode.swift; path = EasytrackingTests.swift; sourceTree = "<group>"; };
		3FDE25F823140A90005315B9 /* Info.plist */ = {isa = PBXFileReference; lastKnownFileType = text.plist.xml; path = Info.plist; sourceTree = "<group>"; };
		3FDE25FD23140A90005315B9 /* EasytrackingUITests.xctest */ = {isa = PBXFileReference; explicitFileType = wrapper.cfbundle; includeInIndex = 0; path = EasytrackingUITests.xctest; sourceTree = BUILT_PRODUCTS_DIR; };
		3FDE260123140A90005315B9 /* EasytrackingUITests.swift */ = {isa = PBXFileReference; lastKnownFileType = sourcecode.swift; path = EasytrackingUITests.swift; sourceTree = "<group>"; };
		3FDE260323140A90005315B9 /* Info.plist */ = {isa = PBXFileReference; lastKnownFileType = text.plist.xml; path = Info.plist; sourceTree = "<group>"; };
/* End PBXFileReference section */

/* Begin PBXFrameworksBuildPhase section */
		3FDE25DB23140A8F005315B9 /* Frameworks */ = {
			isa = PBXFrameworksBuildPhase;
			buildActionMask = 2147483647;
			files = (
			);
			runOnlyForDeploymentPostprocessing = 0;
		};
		3FDE25EF23140A90005315B9 /* Frameworks */ = {
			isa = PBXFrameworksBuildPhase;
			buildActionMask = 2147483647;
			files = (
			);
			runOnlyForDeploymentPostprocessing = 0;
		};
		3FDE25FA23140A90005315B9 /* Frameworks */ = {
			isa = PBXFrameworksBuildPhase;
			buildActionMask = 2147483647;
			files = (
			);
			runOnlyForDeploymentPostprocessing = 0;
		};
/* End PBXFrameworksBuildPhase section */

/* Begin PBXGroup section */
		3FDE25D523140A8F005315B9 = {
			isa = PBXGroup;
			children = (
				3FDE25E023140A8F005315B9 /* Easytracking */,
				3FDE25F523140A90005315B9 /* EasytrackingTests */,
				3FDE260023140A90005315B9 /* EasytrackingUITests */,
				3FDE25DF23140A8F005315B9 /* Products */,
			);
			sourceTree = "<group>";
		};
		3FDE25DF23140A8F005315B9 /* Products */ = {
			isa = PBXGroup;
			children = (
				3FDE25DE23140A8F005315B9 /* Easytracking.app */,
				3FDE25F223140A90005315B9 /* EasytrackingTests.xctest */,
				3FDE25FD23140A90005315B9 /* EasytrackingUITests.xctest */,
			);
			name = Products;
			sourceTree = "<group>";
		};
		3FDE25E023140A8F005315B9 /* Easytracking */ = {
			isa = PBXGroup;
			children = (
				3FDE25E123140A8F005315B9 /* AppDelegate.swift */,
				3FDE25E323140A8F005315B9 /* ViewController.swift */,
				3FDE25E523140A8F005315B9 /* Main.storyboard */,
				3FDE25E823140A90005315B9 /* Assets.xcassets */,
				3FDE25EA23140A90005315B9 /* LaunchScreen.storyboard */,
				3FDE25ED23140A90005315B9 /* Info.plist */,
			);
			path = Easytracking;
			sourceTree = "<group>";
		};
		3FDE25F523140A90005315B9 /* EasytrackingTests */ = {
			isa = PBXGroup;
			children = (
				3FDE25F623140A90005315B9 /* EasytrackingTests.swift */,
				3FDE25F823140A90005315B9 /* Info.plist */,
			);
			path = EasytrackingTests;
			sourceTree = "<group>";
		};
		3FDE260023140A90005315B9 /* EasytrackingUITests */ = {
			isa = PBXGroup;
			children = (
				3FDE260123140A90005315B9 /* EasytrackingUITests.swift */,
				3FDE260323140A90005315B9 /* Info.plist */,
			);
			path = EasytrackingUITests;
			sourceTree = "<group>";
		};
/* End PBXGroup section */

/* Begin PBXNativeTarget section */
		3FDE25DD23140A8F005315B9 /* Easytracking */ = {
			isa = PBXNativeTarget;
			buildConfigurationList = 3FDE260623140A90005315B9 /* Build configuration list for PBXNativeTarget "Easytracking" */;
			buildPhases = (
				3FDE25DA23140A8F005315B9 /* Sources */,
				3FDE25DB23140A8F005315B9 /* Frameworks */,
				3FDE25DC23140A8F005315B9 /* Resources */,
			);
			buildRules = (
			);
			dependencies = (
			);
			name = Easytracking;
			productName = Easytracking;
			productReference = 3FDE25DE23140A8F005315B9 /* Easytracking.app */;
			productType = "com.apple.product-type.application";
		};
		3FDE25F123140A90005315B9 /* EasytrackingTests */ = {
			isa = PBXNativeTarget;
			buildConfigurationList = 3FDE260923140A90005315B9 /* Build configuration list for PBXNativeTarget "EasytrackingTests" */;
			buildPhases = (
				3FDE25EE23140A90005315B9 /* Sources */,
				3FDE25EF23140A90005315B9 /* Frameworks */,
				3FDE25F023140A90005315B9 /* Resources */,
			);
			buildRules = (
			);
			dependencies = (
				3FDE25F423140A90005315B9 /* PBXTargetDependency */,
			);
			name = EasytrackingTests;
			productName = EasytrackingTests;
			productReference = 3FDE25F223140A90005315B9 /* EasytrackingTests.xctest */;
			productType = "com.apple.product-type.bundle.unit-test";
		};
		3FDE25FC23140A90005315B9 /* EasytrackingUITests */ = {
			isa = PBXNativeTarget;
			buildConfigurationList = 3FDE260C23140A90005315B9 /* Build configuration list for PBXNativeTarget "EasytrackingUITests" */;
			buildPhases = (
				3FDE25F923140A90005315B9 /* Sources */,
				3FDE25FA23140A90005315B9 /* Frameworks */,
				3FDE25FB23140A90005315B9 /* Resources */,
			);
			buildRules = (
			);
			dependencies = (
				3FDE25FF23140A90005315B9 /* PBXTargetDependency */,
			);
			name = EasytrackingUITests;
			productName = EasytrackingUITests;
			productReference = 3FDE25FD23140A90005315B9 /* EasytrackingUITests.xctest */;
			productType = "com.apple.product-type.bundle.ui-testing";
		};
/* End PBXNativeTarget section */

/* Begin PBXProject section */
		3FDE25D623140A8F005315B9 /* Project object */ = {
			isa = PBXProject;
			attributes = {
				LastSwiftUpdateCheck = 1020;
				LastUpgradeCheck = 1020;
				ORGANIZATIONNAME = "First Decision";
				TargetAttributes = {
					3FDE25DD23140A8F005315B9 = {
						CreatedOnToolsVersion = 10.2.1;
					};
					3FDE25F123140A90005315B9 = {
						CreatedOnToolsVersion = 10.2.1;
						TestTargetID = 3FDE25DD23140A8F005315B9;
					};
					3FDE25FC23140A90005315B9 = {
						CreatedOnToolsVersion = 10.2.1;
						TestTargetID = 3FDE25DD23140A8F005315B9;
					};
				};
			};
			buildConfigurationList = 3FDE25D923140A8F005315B9 /* Build configuration list for PBXProject "Easytracking" */;
			compatibilityVersion = "Xcode 9.3";
			developmentRegion = en;
			hasScannedForEncodings = 0;
			knownRegions = (
				en,
				Base,
			);
			mainGroup = 3FDE25D523140A8F005315B9;
			productRefGroup = 3FDE25DF23140A8F005315B9 /* Products */;
			projectDirPath = "";
			projectRoot = "";
			targets = (
				3FDE25DD23140A8F005315B9 /* Easytracking */,
				3FDE25F123140A90005315B9 /* EasytrackingTests */,
				3FDE25FC23140A90005315B9 /* EasytrackingUITests */,
			);
		};
/* End PBXProject section */

/* Begin PBXResourcesBuildPhase section */
		3FDE25DC23140A8F005315B9 /* Resources */ = {
			isa = PBXResourcesBuildPhase;
			buildActionMask = 2147483647;
			files = (
				3FDE25EC23140A90005315B9 /* LaunchScreen.storyboard in Resources */,
				3FDE25E923140A90005315B9 /* Assets.xcassets in Resources */,
				3FDE25E723140A8F005315B9 /* Main.storyboard in Resources */,
			);
			runOnlyForDeploymentPostprocessing = 0;
		};
		3FDE25F023140A90005315B9 /* Resources */ = {
			isa = PBXResourcesBuildPhase;
			buildActionMask = 2147483647;
			files = (
			);
			runOnlyForDeploymentPostprocessing = 0;
		};
		3FDE25FB23140A90005315B9 /* Resources */ = {
			isa = PBXResourcesBuildPhase;
			buildActionMask = 2147483647;
			files = (
			);
			runOnlyForDeploymentPostprocessing = 0;
		};
/* End PBXResourcesBuildPhase section */

/* Begin PBXSourcesBuildPhase section */
		3FDE25DA23140A8F005315B9 /* Sources */ = {
			isa = PBXSourcesBuildPhase;
			buildActionMask = 2147483647;
			files = (
				3FDE25E423140A8F005315B9 /* ViewController.swift in Sources */,
				3FDE25E223140A8F005315B9 /* AppDelegate.swift in Sources */,
			);
			runOnlyForDeploymentPostprocessing = 0;
		};
		3FDE25EE23140A90005315B9 /* Sources */ = {
			isa = PBXSourcesBuildPhase;
			buildActionMask = 2147483647;
			files = (
				3FDE25F723140A90005315B9 /* EasytrackingTests.swift in Sources */,
			);
			runOnlyForDeploymentPostprocessing = 0;
		};
		3FDE25F923140A90005315B9 /* Sources */ = {
			isa = PBXSourcesBuildPhase;
			buildActionMask = 2147483647;
			files = (
				3FDE260223140A90005315B9 /* EasytrackingUITests.swift in Sources */,
			);
			runOnlyForDeploymentPostprocessing = 0;
		};
/* End PBXSourcesBuildPhase section */

/* Begin PBXTargetDependency section */
		3FDE25F423140A90005315B9 /* PBXTargetDependency */ = {
			isa = PBXTargetDependency;
			target = 3FDE25DD23140A8F005315B9 /* Easytracking */;
			targetProxy = 3FDE25F323140A90005315B9 /* PBXContainerItemProxy */;
		};
		3FDE25FF23140A90005315B9 /* PBXTargetDependency */ = {
			isa = PBXTargetDependency;
			target = 3FDE25DD23140A8F005315B9 /* Easytracking */;
			targetProxy = 3FDE25FE23140A90005315B9 /* PBXContainerItemProxy */;
		};
/* End PBXTargetDependency section */

/* Begin PBXVariantGroup section */
		3FDE25E523140A8F005315B9 /* Main.storyboard */ = {
			isa = PBXVariantGroup;
			children = (
				3FDE25E623140A8F005315B9 /* Base */,
			);
			name = Main.storyboard;
			sourceTree = "<group>";
		};
		3FDE25EA23140A90005315B9 /* LaunchScreen.storyboard */ = {
			isa = PBXVariantGroup;
			children = (
				3FDE25EB23140A90005315B9 /* Base */,
			);
			name = LaunchScreen.storyboard;
			sourceTree = "<group>";
		};
/* End PBXVariantGroup section */

/* Begin XCBuildConfiguration section */
		3FDE260423140A90005315B9 /* Debug */ = {
			isa = XCBuildConfiguration;
			buildSettings = {
				ALWAYS_SEARCH_USER_PATHS = NO;
				CLANG_ANALYZER_NONNULL = YES;
				CLANG_ANALYZER_NUMBER_OBJECT_CONVERSION = YES_AGGRESSIVE;
				CLANG_CXX_LANGUAGE_STANDARD = "gnu++14";
				CLANG_CXX_LIBRARY = "libc++";
				CLANG_ENABLE_MODULES = YES;
				CLANG_ENABLE_OBJC_ARC = YES;
				CLANG_ENABLE_OBJC_WEAK = YES;
				CLANG_WARN_BLOCK_CAPTURE_AUTORELEASING = YES;
				CLANG_WARN_BOOL_CONVERSION = YES;
				CLANG_WARN_COMMA = YES;
				CLANG_WARN_CONSTANT_CONVERSION = YES;
				CLANG_WARN_DEPRECATED_OBJC_IMPLEMENTATIONS = YES;
				CLANG_WARN_DIRECT_OBJC_ISA_USAGE = YES_ERROR;
				CLANG_WARN_DOCUMENTATION_COMMENTS = YES;
				CLANG_WARN_EMPTY_BODY = YES;
				CLANG_WARN_ENUM_CONVERSION = YES;
				CLANG_WARN_INFINITE_RECURSION = YES;
				CLANG_WARN_INT_CONVERSION = YES;
				CLANG_WARN_NON_LITERAL_NULL_CONVERSION = YES;
				CLANG_WARN_OBJC_IMPLICIT_RETAIN_SELF = YES;
				CLANG_WARN_OBJC_LITERAL_CONVERSION = YES;
				CLANG_WARN_OBJC_ROOT_CLASS = YES_ERROR;
				CLANG_WARN_RANGE_LOOP_ANALYSIS = YES;
				CLANG_WARN_STRICT_PROTOTYPES = YES;
				CLANG_WARN_SUSPICIOUS_MOVE = YES;
				CLANG_WARN_UNGUARDED_AVAILABILITY = YES_AGGRESSIVE;
				CLANG_WARN_UNREACHABLE_CODE = YES;
				CLANG_WARN__DUPLICATE_METHOD_MATCH = YES;
				CODE_SIGN_IDENTITY = "iPhone Developer";
				COPY_PHASE_STRIP = NO;
				DEBUG_INFORMATION_FORMAT = dwarf;
				ENABLE_STRICT_OBJC_MSGSEND = YES;
				ENABLE_TESTABILITY = YES;
				GCC_C_LANGUAGE_STANDARD = gnu11;
				GCC_DYNAMIC_NO_PIC = NO;
				GCC_NO_COMMON_BLOCKS = YES;
				GCC_OPTIMIZATION_LEVEL = 0;
				GCC_PREPROCESSOR_DEFINITIONS = (
					"DEBUG=1",
					"$(inherited)",
				);
				GCC_WARN_64_TO_32_BIT_CONVERSION = YES;
				GCC_WARN_ABOUT_RETURN_TYPE = YES_ERROR;
				GCC_WARN_UNDECLARED_SELECTOR = YES;
				GCC_WARN_UNINITIALIZED_AUTOS = YES_AGGRESSIVE;
				GCC_WARN_UNUSED_FUNCTION = YES;
				GCC_WARN_UNUSED_VARIABLE = YES;
				IPHONEOS_DEPLOYMENT_TARGET = 12.2;
				MTL_ENABLE_DEBUG_INFO = INCLUDE_SOURCE;
				MTL_FAST_MATH = YES;
				ONLY_ACTIVE_ARCH = YES;
				SDKROOT = iphoneos;
				SWIFT_ACTIVE_COMPILATION_CONDITIONS = DEBUG;
				SWIFT_OPTIMIZATION_LEVEL = "-Onone";
			};
			name = Debug;
		};
		3FDE260523140A90005315B9 /* Release */ = {
			isa = XCBuildConfiguration;
			buildSettings = {
				ALWAYS_SEARCH_USER_PATHS = NO;
				CLANG_ANALYZER_NONNULL = YES;
				CLANG_ANALYZER_NUMBER_OBJECT_CONVERSION = YES_AGGRESSIVE;
				CLANG_CXX_LANGUAGE_STANDARD = "gnu++14";
				CLANG_CXX_LIBRARY = "libc++";
				CLANG_ENABLE_MODULES = YES;
				CLANG_ENABLE_OBJC_ARC = YES;
				CLANG_ENABLE_OBJC_WEAK = YES;
				CLANG_WARN_BLOCK_CAPTURE_AUTORELEASING = YES;
				CLANG_WARN_BOOL_CONVERSION = YES;
				CLANG_WARN_COMMA = YES;
				CLANG_WARN_CONSTANT_CONVERSION = YES;
				CLANG_WARN_DEPRECATED_OBJC_IMPLEMENTATIONS = YES;
				CLANG_WARN_DIRECT_OBJC_ISA_USAGE = YES_ERROR;
				CLANG_WARN_DOCUMENTATION_COMMENTS = YES;
				CLANG_WARN_EMPTY_BODY = YES;
				CLANG_WARN_ENUM_CONVERSION = YES;
				CLANG_WARN_INFINITE_RECURSION = YES;
				CLANG_WARN_INT_CONVERSION = YES;
				CLANG_WARN_NON_LITERAL_NULL_CONVERSION = YES;
				CLANG_WARN_OBJC_IMPLICIT_RETAIN_SELF = YES;
				CLANG_WARN_OBJC_LITERAL_CONVERSION = YES;
				CLANG_WARN_OBJC_ROOT_CLASS = YES_ERROR;
				CLANG_WARN_RANGE_LOOP_ANALYSIS = YES;
				CLANG_WARN_STRICT_PROTOTYPES = YES;
				CLANG_WARN_SUSPICIOUS_MOVE = YES;
				CLANG_WARN_UNGUARDED_AVAILABILITY = YES_AGGRESSIVE;
				CLANG_WARN_UNREACHABLE_CODE = YES;
				CLANG_WARN__DUPLICATE_METHOD_MATCH = YES;
				CODE_SIGN_IDENTITY = "iPhone Developer";
				COPY_PHASE_STRIP = NO;
				DEBUG_INFORMATION_FORMAT = "dwarf-with-dsym";
				ENABLE_NS_ASSERTIONS = NO;
				ENABLE_STRICT_OBJC_MSGSEND = YES;
				GCC_C_LANGUAGE_STANDARD = gnu11;
				GCC_NO_COMMON_BLOCKS = YES;
				GCC_WARN_64_TO_32_BIT_CONVERSION = YES;
				GCC_WARN_ABOUT_RETURN_TYPE = YES_ERROR;
				GCC_WARN_UNDECLARED_SELECTOR = YES;
				GCC_WARN_UNINITIALIZED_AUTOS = YES_AGGRESSIVE;
				GCC_WARN_UNUSED_FUNCTION = YES;
				GCC_WARN_UNUSED_VARIABLE = YES;
				IPHONEOS_DEPLOYMENT_TARGET = 12.2;
				MTL_ENABLE_DEBUG_INFO = NO;
				MTL_FAST_MATH = YES;
				SDKROOT = iphoneos;
				SWIFT_COMPILATION_MODE = wholemodule;
				SWIFT_OPTIMIZATION_LEVEL = "-O";
				VALIDATE_PRODUCT = YES;
			};
			name = Release;
		};
		3FDE260723140A90005315B9 /* Debug */ = {
			isa = XCBuildConfiguration;
			buildSettings = {
				ASSETCATALOG_COMPILER_APPICON_NAME = AppIcon;
				CODE_SIGN_STYLE = Automatic;
				DEVELOPMENT_TEAM = GZ5ANM7X6X;
				INFOPLIST_FILE = Easytracking/Info.plist;
				LD_RUNPATH_SEARCH_PATHS = (
					"$(inherited)",
					"@executable_path/Frameworks",
				);
				PRODUCT_BUNDLE_IDENTIFIER = lucasfeitosa.tech.easytracking.Easytracking;
				PRODUCT_NAME = "$(TARGET_NAME)";
				SWIFT_VERSION = 5.0;
				TARGETED_DEVICE_FAMILY = "1,2";
			};
			name = Debug;
		};
		3FDE260823140A90005315B9 /* Release */ = {
			isa = XCBuildConfiguration;
			buildSettings = {
				ASSETCATALOG_COMPILER_APPICON_NAME = AppIcon;
				CODE_SIGN_STYLE = Automatic;
				DEVELOPMENT_TEAM = GZ5ANM7X6X;
				INFOPLIST_FILE = Easytracking/Info.plist;
				LD_RUNPATH_SEARCH_PATHS = (
					"$(inherited)",
					"@executable_path/Frameworks",
				);
				PRODUCT_BUNDLE_IDENTIFIER = lucasfeitosa.tech.easytracking.Easytracking;
				PRODUCT_NAME = "$(TARGET_NAME)";
				SWIFT_VERSION = 5.0;
				TARGETED_DEVICE_FAMILY = "1,2";
			};
			name = Release;
		};
		3FDE260A23140A90005315B9 /* Debug */ = {
			isa = XCBuildConfiguration;
			buildSettings = {
				ALWAYS_EMBED_SWIFT_STANDARD_LIBRARIES = YES;
				BUNDLE_LOADER = "$(TEST_HOST)";
				CODE_SIGN_STYLE = Automatic;
				DEVELOPMENT_TEAM = GZ5ANM7X6X;
				INFOPLIST_FILE = EasytrackingTests/Info.plist;
				LD_RUNPATH_SEARCH_PATHS = (
					"$(inherited)",
					"@executable_path/Frameworks",
					"@loader_path/Frameworks",
				);
				PRODUCT_BUNDLE_IDENTIFIER = lucasfeitosa.tech.easytracking.EasytrackingTests;
				PRODUCT_NAME = "$(TARGET_NAME)";
				SWIFT_VERSION = 5.0;
				TARGETED_DEVICE_FAMILY = "1,2";
				TEST_HOST = "$(BUILT_PRODUCTS_DIR)/Easytracking.app/Easytracking";
			};
			name = Debug;
		};
		3FDE260B23140A90005315B9 /* Release */ = {
			isa = XCBuildConfiguration;
			buildSettings = {
				ALWAYS_EMBED_SWIFT_STANDARD_LIBRARIES = YES;
				BUNDLE_LOADER = "$(TEST_HOST)";
				CODE_SIGN_STYLE = Automatic;
				DEVELOPMENT_TEAM = GZ5ANM7X6X;
				INFOPLIST_FILE = EasytrackingTests/Info.plist;
				LD_RUNPATH_SEARCH_PATHS = (
					"$(inherited)",
					"@executable_path/Frameworks",
					"@loader_path/Frameworks",
				);
				PRODUCT_BUNDLE_IDENTIFIER = lucasfeitosa.tech.easytracking.EasytrackingTests;
				PRODUCT_NAME = "$(TARGET_NAME)";
				SWIFT_VERSION = 5.0;
				TARGETED_DEVICE_FAMILY = "1,2";
				TEST_HOST = "$(BUILT_PRODUCTS_DIR)/Easytracking.app/Easytracking";
			};
			name = Release;
		};
		3FDE260D23140A90005315B9 /* Debug */ = {
			isa = XCBuildConfiguration;
			buildSettings = {
				ALWAYS_EMBED_SWIFT_STANDARD_LIBRARIES = YES;
				CODE_SIGN_STYLE = Automatic;
				DEVELOPMENT_TEAM = GZ5ANM7X6X;
				INFOPLIST_FILE = EasytrackingUITests/Info.plist;
				LD_RUNPATH_SEARCH_PATHS = (
					"$(inherited)",
					"@executable_path/Frameworks",
					"@loader_path/Frameworks",
				);
				PRODUCT_BUNDLE_IDENTIFIER = lucasfeitosa.tech.easytracking.EasytrackingUITests;
				PRODUCT_NAME = "$(TARGET_NAME)";
				SWIFT_VERSION = 5.0;
				TARGETED_DEVICE_FAMILY = "1,2";
				TEST_TARGET_NAME = Easytracking;
			};
			name = Debug;
		};
		3FDE260E23140A90005315B9 /* Release */ = {
			isa = XCBuildConfiguration;
			buildSettings = {
				ALWAYS_EMBED_SWIFT_STANDARD_LIBRARIES = YES;
				CODE_SIGN_STYLE = Automatic;
				DEVELOPMENT_TEAM = GZ5ANM7X6X;
				INFOPLIST_FILE = EasytrackingUITests/Info.plist;
				LD_RUNPATH_SEARCH_PATHS = (
					"$(inherited)",
					"@executable_path/Frameworks",
					"@loader_path/Frameworks",
				);
				PRODUCT_BUNDLE_IDENTIFIER = lucasfeitosa.tech.easytracking.EasytrackingUITests;
				PRODUCT_NAME = "$(TARGET_NAME)";
				SWIFT_VERSION = 5.0;
				TARGETED_DEVICE_FAMILY = "1,2";
				TEST_TARGET_NAME = Easytracking;
			};
			name = Release;
		};
/* End XCBuildConfiguration section */

/* Begin XCConfigurationList section */
		3FDE25D923140A8F005315B9 /* Build configuration list for PBXProject "Easytracking" */ = {
			isa = XCConfigurationList;
			buildConfigurations = (
				3FDE260423140A90005315B9 /* Debug */,
				3FDE260523140A90005315B9 /* Release */,
			);
			defaultConfigurationIsVisible = 0;
			defaultConfigurationName = Release;
		};
		3FDE260623140A90005315B9 /* Build configuration list for PBXNativeTarget "Easytracking" */ = {
			isa = XCConfigurationList;
			buildConfigurations = (
				3FDE260723140A90005315B9 /* Debug */,
				3FDE260823140A90005315B9 /* Release */,
			);
			defaultConfigurationIsVisible = 0;
			defaultConfigurationName = Release;
		};
		3FDE260923140A90005315B9 /* Build configuration list for PBXNativeTarget "EasytrackingTests" */ = {
			isa = XCConfigurationList;
			buildConfigurations = (
				3FDE260A23140A90005315B9 /* Debug */,
				3FDE260B23140A90005315B9 /* Release */,
			);
			defaultConfigurationIsVisible = 0;
			defaultConfigurationName = Release;
		};
		3FDE260C23140A90005315B9 /* Build configuration list for PBXNativeTarget "EasytrackingUITests" */ = {
			isa = XCConfigurationList;
			buildConfigurations = (
				3FDE260D23140A90005315B9 /* Debug */,
				3FDE260E23140A90005315B9 /* Release */,
			);
			defaultConfigurationIsVisible = 0;
			defaultConfigurationName = Release;
		};
/* End XCConfigurationList section */
	};
	rootObject = 3FDE25D623140A8F005315B9 /* Project object */;
}
